// !$*UTF8*$!
{
	archiveVersion = 1;
	classes = {
	};
	objectVersion = 55;
	objects = {

/* Begin PBXBuildFile section */
		E8A2698828215A710018B8EA /* AppDelegate.swift in Sources */ = {isa = PBXBuildFile; fileRef = E8A2698728215A710018B8EA /* AppDelegate.swift */; };
		E8A2698A28215A710018B8EA /* SceneDelegate.swift in Sources */ = {isa = PBXBuildFile; fileRef = E8A2698928215A710018B8EA /* SceneDelegate.swift */; };
		E8A2698C28215A710018B8EA /* MainViewController.swift in Sources */ = {isa = PBXBuildFile; fileRef = E8A2698B28215A710018B8EA /* MainViewController.swift */; };
		E8A2698F28215A710018B8EA /* Main.storyboard in Resources */ = {isa = PBXBuildFile; fileRef = E8A2698D28215A710018B8EA /* Main.storyboard */; };
		E8A2699128215A710018B8EA /* Assets.xcassets in Resources */ = {isa = PBXBuildFile; fileRef = E8A2699028215A710018B8EA /* Assets.xcassets */; };
		E8A2699428215A710018B8EA /* LaunchScreen.storyboard in Resources */ = {isa = PBXBuildFile; fileRef = E8A2699228215A710018B8EA /* LaunchScreen.storyboard */; };
		E8A269A228215F050018B8EA /* TasksViewController.swift in Sources */ = {isa = PBXBuildFile; fileRef = E8A269A128215F050018B8EA /* TasksViewController.swift */; };
		E8A269A42821639E0018B8EA /* AlertController.swift in Sources */ = {isa = PBXBuildFile; fileRef = E8A269A32821639E0018B8EA /* AlertController.swift */; };
		E8A38322282172A400597C08 /* TaskList.swift in Sources */ = {isa = PBXBuildFile; fileRef = E8A38321282172A400597C08 /* TaskList.swift */; };
		E8A383242821751D00597C08 /* DataManager.swift in Sources */ = {isa = PBXBuildFile; fileRef = E8A383232821751D00597C08 /* DataManager.swift */; };
		E8A383262821792D00597C08 /* StorageManager.swift in Sources */ = {isa = PBXBuildFile; fileRef = E8A383252821792D00597C08 /* StorageManager.swift */; };
		F97AE73C8E7E2E6CFDC108CD /* Pods_Tasks.framework in Frameworks */ = {isa = PBXBuildFile; fileRef = 466E93647F03DC69312311DA /* Pods_Tasks.framework */; };
/* End PBXBuildFile section */

/* Begin PBXFileReference section */
		466E93647F03DC69312311DA /* Pods_Tasks.framework */ = {isa = PBXFileReference; explicitFileType = wrapper.framework; includeInIndex = 0; path = Pods_Tasks.framework; sourceTree = BUILT_PRODUCTS_DIR; };
		9B777556BB22B6F2D235EFED /* Pods-Tasks.debug.xcconfig */ = {isa = PBXFileReference; includeInIndex = 1; lastKnownFileType = text.xcconfig; name = "Pods-Tasks.debug.xcconfig"; path = "Target Support Files/Pods-Tasks/Pods-Tasks.debug.xcconfig"; sourceTree = "<group>"; };
		E42803DC2D59F7A5C0B16FCC /* Pods-Tasks.release.xcconfig */ = {isa = PBXFileReference; includeInIndex = 1; lastKnownFileType = text.xcconfig; name = "Pods-Tasks.release.xcconfig"; path = "Target Support Files/Pods-Tasks/Pods-Tasks.release.xcconfig"; sourceTree = "<group>"; };
		E8A2698428215A710018B8EA /* Tasks.app */ = {isa = PBXFileReference; explicitFileType = wrapper.application; includeInIndex = 0; path = Tasks.app; sourceTree = BUILT_PRODUCTS_DIR; };
		E8A2698728215A710018B8EA /* AppDelegate.swift */ = {isa = PBXFileReference; lastKnownFileType = sourcecode.swift; path = AppDelegate.swift; sourceTree = "<group>"; };
		E8A2698928215A710018B8EA /* SceneDelegate.swift */ = {isa = PBXFileReference; lastKnownFileType = sourcecode.swift; path = SceneDelegate.swift; sourceTree = "<group>"; };
		E8A2698B28215A710018B8EA /* MainViewController.swift */ = {isa = PBXFileReference; lastKnownFileType = sourcecode.swift; path = MainViewController.swift; sourceTree = "<group>"; };
		E8A2698E28215A710018B8EA /* Base */ = {isa = PBXFileReference; lastKnownFileType = file.storyboard; name = Base; path = Base.lproj/Main.storyboard; sourceTree = "<group>"; };
		E8A2699028215A710018B8EA /* Assets.xcassets */ = {isa = PBXFileReference; lastKnownFileType = folder.assetcatalog; path = Assets.xcassets; sourceTree = "<group>"; };
		E8A2699328215A710018B8EA /* Base */ = {isa = PBXFileReference; lastKnownFileType = file.storyboard; name = Base; path = Base.lproj/LaunchScreen.storyboard; sourceTree = "<group>"; };
		E8A2699528215A710018B8EA /* Info.plist */ = {isa = PBXFileReference; lastKnownFileType = text.plist.xml; path = Info.plist; sourceTree = "<group>"; };
		E8A269A128215F050018B8EA /* TasksViewController.swift */ = {isa = PBXFileReference; lastKnownFileType = sourcecode.swift; path = TasksViewController.swift; sourceTree = "<group>"; };
		E8A269A32821639E0018B8EA /* AlertController.swift */ = {isa = PBXFileReference; lastKnownFileType = sourcecode.swift; path = AlertController.swift; sourceTree = "<group>"; };
		E8A38321282172A400597C08 /* TaskList.swift */ = {isa = PBXFileReference; lastKnownFileType = sourcecode.swift; path = TaskList.swift; sourceTree = "<group>"; };
		E8A383232821751D00597C08 /* DataManager.swift */ = {isa = PBXFileReference; lastKnownFileType = sourcecode.swift; path = DataManager.swift; sourceTree = "<group>"; };
		E8A383252821792D00597C08 /* StorageManager.swift */ = {isa = PBXFileReference; lastKnownFileType = sourcecode.swift; path = StorageManager.swift; sourceTree = "<group>"; };
/* End PBXFileReference section */

/* Begin PBXFrameworksBuildPhase section */
		E8A2698128215A710018B8EA /* Frameworks */ = {
			isa = PBXFrameworksBuildPhase;
			buildActionMask = 2147483647;
			files = (
				F97AE73C8E7E2E6CFDC108CD /* Pods_Tasks.framework in Frameworks */,
			);
			runOnlyForDeploymentPostprocessing = 0;
		};
/* End PBXFrameworksBuildPhase section */

/* Begin PBXGroup section */
		4A0B7F3DB0FFD405C013ECFB /* Pods */ = {
			isa = PBXGroup;
			children = (
				9B777556BB22B6F2D235EFED /* Pods-Tasks.debug.xcconfig */,
				E42803DC2D59F7A5C0B16FCC /* Pods-Tasks.release.xcconfig */,
			);
			path = Pods;
			sourceTree = "<group>";
		};
		908921E4C6D6E43834417D99 /* Frameworks */ = {
			isa = PBXGroup;
			children = (
				466E93647F03DC69312311DA /* Pods_Tasks.framework */,
			);
			name = Frameworks;
			sourceTree = "<group>";
		};
		E8A2697B28215A710018B8EA = {
			isa = PBXGroup;
			children = (
				E8A2698628215A710018B8EA /* Tasks */,
				E8A2698528215A710018B8EA /* Products */,
				4A0B7F3DB0FFD405C013ECFB /* Pods */,
				908921E4C6D6E43834417D99 /* Frameworks */,
			);
			sourceTree = "<group>";
		};
		E8A2698528215A710018B8EA /* Products */ = {
			isa = PBXGroup;
			children = (
				E8A2698428215A710018B8EA /* Tasks.app */,
			);
			name = Products;
			sourceTree = "<group>";
		};
		E8A2698628215A710018B8EA /* Tasks */ = {
			isa = PBXGroup;
			children = (
				E8A2699B28215AA70018B8EA /* ViewControllers */,
				E8A269A628216BF00018B8EA /* Services  */,
				E8A269A528216BCD0018B8EA /* Models */,
				E8A2699D28215AD10018B8EA /* App */,
				E8A2699C28215ABA0018B8EA /* Storyboards */,
				E8A2699E28215AEC0018B8EA /* Resources */,
			);
			path = Tasks;
			sourceTree = "<group>";
		};
		E8A2699B28215AA70018B8EA /* ViewControllers */ = {
			isa = PBXGroup;
			children = (
				E8A2698B28215A710018B8EA /* MainViewController.swift */,
				E8A269A128215F050018B8EA /* TasksViewController.swift */,
				E8A269A32821639E0018B8EA /* AlertController.swift */,
			);
			path = ViewControllers;
			sourceTree = "<group>";
		};
		E8A2699C28215ABA0018B8EA /* Storyboards */ = {
			isa = PBXGroup;
			children = (
				E8A2699228215A710018B8EA /* LaunchScreen.storyboard */,
				E8A2698D28215A710018B8EA /* Main.storyboard */,
			);
			path = Storyboards;
			sourceTree = "<group>";
		};
		E8A2699D28215AD10018B8EA /* App */ = {
			isa = PBXGroup;
			children = (
				E8A2698928215A710018B8EA /* SceneDelegate.swift */,
				E8A2698728215A710018B8EA /* AppDelegate.swift */,
				E8A2699528215A710018B8EA /* Info.plist */,
			);
			path = App;
			sourceTree = "<group>";
		};
		E8A2699E28215AEC0018B8EA /* Resources */ = {
			isa = PBXGroup;
			children = (
				E8A2699028215A710018B8EA /* Assets.xcassets */,
			);
			path = Resources;
			sourceTree = "<group>";
		};
		E8A269A528216BCD0018B8EA /* Models */ = {
			isa = PBXGroup;
			children = (
				E8A38321282172A400597C08 /* TaskList.swift */,
			);
			path = Models;
			sourceTree = "<group>";
		};
		E8A269A628216BF00018B8EA /* Services  */ = {
			isa = PBXGroup;
			children = (
				E8A383232821751D00597C08 /* DataManager.swift */,
				E8A383252821792D00597C08 /* StorageManager.swift */,
			);
			name = "Services ";
			path = ViewControllers;
			sourceTree = "<group>";
		};
/* End PBXGroup section */

/* Begin PBXNativeTarget section */
		E8A2698328215A710018B8EA /* Tasks */ = {
			isa = PBXNativeTarget;
			buildConfigurationList = E8A2699828215A710018B8EA /* Build configuration list for PBXNativeTarget "Tasks" */;
			buildPhases = (
				877550A22D11BB4FD46737A2 /* [CP] Check Pods Manifest.lock */,
				E8A2698028215A710018B8EA /* Sources */,
				E8A2698128215A710018B8EA /* Frameworks */,
				E8A2698228215A710018B8EA /* Resources */,
				DAF8C5322D6BFBD3A0C2BE51 /* [CP] Embed Pods Frameworks */,
			);
			buildRules = (
			);
			dependencies = (
			);
			name = Tasks;
			productName = Tasks;
			productReference = E8A2698428215A710018B8EA /* Tasks.app */;
			productType = "com.apple.product-type.application";
		};
/* End PBXNativeTarget section */

/* Begin PBXProject section */
		E8A2697C28215A710018B8EA /* Project object */ = {
			isa = PBXProject;
			attributes = {
				BuildIndependentTargetsInParallel = 1;
				LastSwiftUpdateCheck = 1330;
				LastUpgradeCheck = 1330;
				TargetAttributes = {
					E8A2698328215A710018B8EA = {
						CreatedOnToolsVersion = 13.3.1;
					};
				};
			};
			buildConfigurationList = E8A2697F28215A710018B8EA /* Build configuration list for PBXProject "Tasks" */;
			compatibilityVersion = "Xcode 13.0";
			developmentRegion = en;
			hasScannedForEncodings = 0;
			knownRegions = (
				en,
				Base,
			);
			mainGroup = E8A2697B28215A710018B8EA;
			productRefGroup = E8A2698528215A710018B8EA /* Products */;
			projectDirPath = "";
			projectRoot = "";
			targets = (
				E8A2698328215A710018B8EA /* Tasks */,
			);
		};
/* End PBXProject section */

/* Begin PBXResourcesBuildPhase section */
		E8A2698228215A710018B8EA /* Resources */ = {
			isa = PBXResourcesBuildPhase;
			buildActionMask = 2147483647;
			files = (
				E8A2699428215A710018B8EA /* LaunchScreen.storyboard in Resources */,
				E8A2699128215A710018B8EA /* Assets.xcassets in Resources */,
				E8A2698F28215A710018B8EA /* Main.storyboard in Resources */,
			);
			runOnlyForDeploymentPostprocessing = 0;
		};
/* End PBXResourcesBuildPhase section */

/* Begin PBXShellScriptBuildPhase section */
		877550A22D11BB4FD46737A2 /* [CP] Check Pods Manifest.lock */ = {
			isa = PBXShellScriptBuildPhase;
			buildActionMask = 2147483647;
			files = (
			);
			inputFileListPaths = (
			);
			inputPaths = (
				"${PODS_PODFILE_DIR_PATH}/Podfile.lock",
				"${PODS_ROOT}/Manifest.lock",
			);
			name = "[CP] Check Pods Manifest.lock";
			outputFileListPaths = (
			);
			outputPaths = (
				"$(DERIVED_FILE_DIR)/Pods-Tasks-checkManifestLockResult.txt",
			);
			runOnlyForDeploymentPostprocessing = 0;
			shellPath = /bin/sh;
			shellScript = "diff \"${PODS_PODFILE_DIR_PATH}/Podfile.lock\" \"${PODS_ROOT}/Manifest.lock\" > /dev/null\nif [ $? != 0 ] ; then\n    # print error to STDERR\n    echo \"error: The sandbox is not in sync with the Podfile.lock. Run 'pod install' or update your CocoaPods installation.\" >&2\n    exit 1\nfi\n# This output is used by Xcode 'outputs' to avoid re-running this script phase.\necho \"SUCCESS\" > \"${SCRIPT_OUTPUT_FILE_0}\"\n";
			showEnvVarsInLog = 0;
		};
		DAF8C5322D6BFBD3A0C2BE51 /* [CP] Embed Pods Frameworks */ = {
			isa = PBXShellScriptBuildPhase;
			buildActionMask = 2147483647;
			files = (
			);
			inputFileListPaths = (
				"${PODS_ROOT}/Target Support Files/Pods-Tasks/Pods-Tasks-frameworks-${CONFIGURATION}-input-files.xcfilelist",
			);
			name = "[CP] Embed Pods Frameworks";
			outputFileListPaths = (
				"${PODS_ROOT}/Target Support Files/Pods-Tasks/Pods-Tasks-frameworks-${CONFIGURATION}-output-files.xcfilelist",
			);
			runOnlyForDeploymentPostprocessing = 0;
			shellPath = /bin/sh;
			shellScript = "\"${PODS_ROOT}/Target Support Files/Pods-Tasks/Pods-Tasks-frameworks.sh\"\n";
			showEnvVarsInLog = 0;
		};
/* End PBXShellScriptBuildPhase section */

/* Begin PBXSourcesBuildPhase section */
		E8A2698028215A710018B8EA /* Sources */ = {
			isa = PBXSourcesBuildPhase;
			buildActionMask = 2147483647;
			files = (
				E8A38322282172A400597C08 /* TaskList.swift in Sources */,
				E8A2698C28215A710018B8EA /* MainViewController.swift in Sources */,
				E8A269A42821639E0018B8EA /* AlertController.swift in Sources */,
				E8A383242821751D00597C08 /* DataManager.swift in Sources */,
				E8A269A228215F050018B8EA /* TasksViewController.swift in Sources */,
				E8A2698828215A710018B8EA /* AppDelegate.swift in Sources */,
				E8A2698A28215A710018B8EA /* SceneDelegate.swift in Sources */,
				E8A383262821792D00597C08 /* StorageManager.swift in Sources */,
			);
			runOnlyForDeploymentPostprocessing = 0;
		};
/* End PBXSourcesBuildPhase section */

/* Begin PBXVariantGroup section */
		E8A2698D28215A710018B8EA /* Main.storyboard */ = {
			isa = PBXVariantGroup;
			children = (
				E8A2698E28215A710018B8EA /* Base */,
			);
			name = Main.storyboard;
			sourceTree = "<group>";
		};
		E8A2699228215A710018B8EA /* LaunchScreen.storyboard */ = {
			isa = PBXVariantGroup;
			children = (
				E8A2699328215A710018B8EA /* Base */,
			);
			name = LaunchScreen.storyboard;
			sourceTree = "<group>";
		};
/* End PBXVariantGroup section */

/* Begin XCBuildConfiguration section */
		E8A2699628215A710018B8EA /* Debug */ = {
			isa = XCBuildConfiguration;
			buildSettings = {
				ALWAYS_SEARCH_USER_PATHS = NO;
				CLANG_ANALYZER_NONNULL = YES;
				CLANG_ANALYZER_NUMBER_OBJECT_CONVERSION = YES_AGGRESSIVE;
				CLANG_CXX_LANGUAGE_STANDARD = "gnu++17";
				CLANG_ENABLE_MODULES = YES;
				CLANG_ENABLE_OBJC_ARC = YES;
				CLANG_ENABLE_OBJC_WEAK = YES;
				CLANG_WARN_BLOCK_CAPTURE_AUTORELEASING = YES;
				CLANG_WARN_BOOL_CONVERSION = YES;
				CLANG_WARN_COMMA = YES;
				CLANG_WARN_CONSTANT_CONVERSION = YES;
				CLANG_WARN_DEPRECATED_OBJC_IMPLEMENTATIONS = YES;
				CLANG_WARN_DIRECT_OBJC_ISA_USAGE = YES_ERROR;
				CLANG_WARN_DOCUMENTATION_COMMENTS = YES;
				CLANG_WARN_EMPTY_BODY = YES;
				CLANG_WARN_ENUM_CONVERSION = YES;
				CLANG_WARN_INFINITE_RECURSION = YES;
				CLANG_WARN_INT_CONVERSION = YES;
				CLANG_WARN_NON_LITERAL_NULL_CONVERSION = YES;
				CLANG_WARN_OBJC_IMPLICIT_RETAIN_SELF = YES;
				CLANG_WARN_OBJC_LITERAL_CONVERSION = YES;
				CLANG_WARN_OBJC_ROOT_CLASS = YES_ERROR;
				CLANG_WARN_QUOTED_INCLUDE_IN_FRAMEWORK_HEADER = YES;
				CLANG_WARN_RANGE_LOOP_ANALYSIS = YES;
				CLANG_WARN_STRICT_PROTOTYPES = YES;
				CLANG_WARN_SUSPICIOUS_MOVE = YES;
				CLANG_WARN_UNGUARDED_AVAILABILITY = YES_AGGRESSIVE;
				CLANG_WARN_UNREACHABLE_CODE = YES;
				CLANG_WARN__DUPLICATE_METHOD_MATCH = YES;
				COPY_PHASE_STRIP = NO;
				DEBUG_INFORMATION_FORMAT = dwarf;
				ENABLE_STRICT_OBJC_MSGSEND = YES;
				ENABLE_TESTABILITY = YES;
				GCC_C_LANGUAGE_STANDARD = gnu11;
				GCC_DYNAMIC_NO_PIC = NO;
				GCC_NO_COMMON_BLOCKS = YES;
				GCC_OPTIMIZATION_LEVEL = 0;
				GCC_PREPROCESSOR_DEFINITIONS = (
					"DEBUG=1",
					"$(inherited)",
				);
				GCC_WARN_64_TO_32_BIT_CONVERSION = YES;
				GCC_WARN_ABOUT_RETURN_TYPE = YES_ERROR;
				GCC_WARN_UNDECLARED_SELECTOR = YES;
				GCC_WARN_UNINITIALIZED_AUTOS = YES_AGGRESSIVE;
				GCC_WARN_UNUSED_FUNCTION = YES;
				GCC_WARN_UNUSED_VARIABLE = YES;
				IPHONEOS_DEPLOYMENT_TARGET = 15.4;
				MTL_ENABLE_DEBUG_INFO = INCLUDE_SOURCE;
				MTL_FAST_MATH = YES;
				ONLY_ACTIVE_ARCH = YES;
				SDKROOT = iphoneos;
				SWIFT_ACTIVE_COMPILATION_CONDITIONS = DEBUG;
				SWIFT_OPTIMIZATION_LEVEL = "-Onone";
			};
			name = Debug;
		};
		E8A2699728215A710018B8EA /* Release */ = {
			isa = XCBuildConfiguration;
			buildSettings = {
				ALWAYS_SEARCH_USER_PATHS = NO;
				CLANG_ANALYZER_NONNULL = YES;
				CLANG_ANALYZER_NUMBER_OBJECT_CONVERSION = YES_AGGRESSIVE;
				CLANG_CXX_LANGUAGE_STANDARD = "gnu++17";
				CLANG_ENABLE_MODULES = YES;
				CLANG_ENABLE_OBJC_ARC = YES;
				CLANG_ENABLE_OBJC_WEAK = YES;
				CLANG_WARN_BLOCK_CAPTURE_AUTORELEASING = YES;
				CLANG_WARN_BOOL_CONVERSION = YES;
				CLANG_WARN_COMMA = YES;
				CLANG_WARN_CONSTANT_CONVERSION = YES;
				CLANG_WARN_DEPRECATED_OBJC_IMPLEMENTATIONS = YES;
				CLANG_WARN_DIRECT_OBJC_ISA_USAGE = YES_ERROR;
				CLANG_WARN_DOCUMENTATION_COMMENTS = YES;
				CLANG_WARN_EMPTY_BODY = YES;
				CLANG_WARN_ENUM_CONVERSION = YES;
				CLANG_WARN_INFINITE_RECURSION = YES;
				CLANG_WARN_INT_CONVERSION = YES;
				CLANG_WARN_NON_LITERAL_NULL_CONVERSION = YES;
				CLANG_WARN_OBJC_IMPLICIT_RETAIN_SELF = YES;
				CLANG_WARN_OBJC_LITERAL_CONVERSION = YES;
				CLANG_WARN_OBJC_ROOT_CLASS = YES_ERROR;
				CLANG_WARN_QUOTED_INCLUDE_IN_FRAMEWORK_HEADER = YES;
				CLANG_WARN_RANGE_LOOP_ANALYSIS = YES;
				CLANG_WARN_STRICT_PROTOTYPES = YES;
				CLANG_WARN_SUSPICIOUS_MOVE = YES;
				CLANG_WARN_UNGUARDED_AVAILABILITY = YES_AGGRESSIVE;
				CLANG_WARN_UNREACHABLE_CODE = YES;
				CLANG_WARN__DUPLICATE_METHOD_MATCH = YES;
				COPY_PHASE_STRIP = NO;
				DEBUG_INFORMATION_FORMAT = "dwarf-with-dsym";
				ENABLE_NS_ASSERTIONS = NO;
				ENABLE_STRICT_OBJC_MSGSEND = YES;
				GCC_C_LANGUAGE_STANDARD = gnu11;
				GCC_NO_COMMON_BLOCKS = YES;
				GCC_WARN_64_TO_32_BIT_CONVERSION = YES;
				GCC_WARN_ABOUT_RETURN_TYPE = YES_ERROR;
				GCC_WARN_UNDECLARED_SELECTOR = YES;
				GCC_WARN_UNINITIALIZED_AUTOS = YES_AGGRESSIVE;
				GCC_WARN_UNUSED_FUNCTION = YES;
				GCC_WARN_UNUSED_VARIABLE = YES;
				IPHONEOS_DEPLOYMENT_TARGET = 15.4;
				MTL_ENABLE_DEBUG_INFO = NO;
				MTL_FAST_MATH = YES;
				SDKROOT = iphoneos;
				SWIFT_COMPILATION_MODE = wholemodule;
				SWIFT_OPTIMIZATION_LEVEL = "-O";
				VALIDATE_PRODUCT = YES;
			};
			name = Release;
		};
		E8A2699928215A710018B8EA /* Debug */ = {
			isa = XCBuildConfiguration;
			baseConfigurationReference = 9B777556BB22B6F2D235EFED /* Pods-Tasks.debug.xcconfig */;
			buildSettings = {
				ASSETCATALOG_COMPILER_APPICON_NAME = AppIcon;
				ASSETCATALOG_COMPILER_GLOBAL_ACCENT_COLOR_NAME = AccentColor;
				CODE_SIGN_STYLE = Automatic;
				CURRENT_PROJECT_VERSION = 1;
				DEVELOPMENT_TEAM = 2Q7FR5CHKB;
				GENERATE_INFOPLIST_FILE = YES;
				INFOPLIST_FILE = Tasks/App/Info.plist;
				INFOPLIST_KEY_UIApplicationSupportsIndirectInputEvents = YES;
				INFOPLIST_KEY_UILaunchStoryboardName = LaunchScreen;
				INFOPLIST_KEY_UIMainStoryboardFile = Main;
				INFOPLIST_KEY_UISupportedInterfaceOrientations_iPad = "UIInterfaceOrientationPortrait UIInterfaceOrientationPortraitUpsideDown UIInterfaceOrientationLandscapeLeft UIInterfaceOrientationLandscapeRight";
				INFOPLIST_KEY_UISupportedInterfaceOrientations_iPhone = "UIInterfaceOrientationPortrait UIInterfaceOrientationLandscapeLeft UIInterfaceOrientationLandscapeRight";
				LD_RUNPATH_SEARCH_PATHS = (
					"$(inherited)",
					"@executable_path/Frameworks",
				);
				MARKETING_VERSION = 1.0;
				PRODUCT_BUNDLE_IDENTIFIER = reyganstorm.Tasks;
				PRODUCT_NAME = "$(TARGET_NAME)";
				SWIFT_EMIT_LOC_STRINGS = YES;
				SWIFT_VERSION = 5.0;
				TARGETED_DEVICE_FAMILY = "1,2";
			};
			name = Debug;
		};
		E8A2699A28215A710018B8EA /* Release */ = {
			isa = XCBuildConfiguration;
			baseConfigurationReference = E42803DC2D59F7A5C0B16FCC /* Pods-Tasks.release.xcconfig */;
			buildSettings = {
				ASSETCATALOG_COMPILER_APPICON_NAME = AppIcon;
				ASSETCATALOG_COMPILER_GLOBAL_ACCENT_COLOR_NAME = AccentColor;
				CODE_SIGN_STYLE = Automatic;
				CURRENT_PROJECT_VERSION = 1;
				DEVELOPMENT_TEAM = 2Q7FR5CHKB;
				GENERATE_INFOPLIST_FILE = YES;
				INFOPLIST_FILE = Tasks/App/Info.plist;
				INFOPLIST_KEY_UIApplicationSupportsIndirectInputEvents = YES;
				INFOPLIST_KEY_UILaunchStoryboardName = LaunchScreen;
				INFOPLIST_KEY_UIMainStoryboardFile = Main;
				INFOPLIST_KEY_UISupportedInterfaceOrientations_iPad = "UIInterfaceOrientationPortrait UIInterfaceOrientationPortraitUpsideDown UIInterfaceOrientationLandscapeLeft UIInterfaceOrientationLandscapeRight";
				INFOPLIST_KEY_UISupportedInterfaceOrientations_iPhone = "UIInterfaceOrientationPortrait UIInterfaceOrientationLandscapeLeft UIInterfaceOrientationLandscapeRight";
				LD_RUNPATH_SEARCH_PATHS = (
					"$(inherited)",
					"@executable_path/Frameworks",
				);
				MARKETING_VERSION = 1.0;
				PRODUCT_BUNDLE_IDENTIFIER = reyganstorm.Tasks;
				PRODUCT_NAME = "$(TARGET_NAME)";
				SWIFT_EMIT_LOC_STRINGS = YES;
				SWIFT_VERSION = 5.0;
				TARGETED_DEVICE_FAMILY = "1,2";
			};
			name = Release;
		};
/* End XCBuildConfiguration section */

/* Begin XCConfigurationList section */
		E8A2697F28215A710018B8EA /* Build configuration list for PBXProject "Tasks" */ = {
			isa = XCConfigurationList;
			buildConfigurations = (
				E8A2699628215A710018B8EA /* Debug */,
				E8A2699728215A710018B8EA /* Release */,
			);
			defaultConfigurationIsVisible = 0;
			defaultConfigurationName = Release;
		};
		E8A2699828215A710018B8EA /* Build configuration list for PBXNativeTarget "Tasks" */ = {
			isa = XCConfigurationList;
			buildConfigurations = (
				E8A2699928215A710018B8EA /* Debug */,
				E8A2699A28215A710018B8EA /* Release */,
			);
			defaultConfigurationIsVisible = 0;
			defaultConfigurationName = Release;
		};
/* End XCConfigurationList section */
	};
	rootObject = E8A2697C28215A710018B8EA /* Project object */;
}
